PODS:
  - AFNetworking (2.5.4):
    - AFNetworking/NSURLConnection (= 2.5.4)
    - AFNetworking/NSURLSession (= 2.5.4)
    - AFNetworking/Reachability (= 2.5.4)
    - AFNetworking/Security (= 2.5.4)
    - AFNetworking/Serialization (= 2.5.4)
    - AFNetworking/UIKit (= 2.5.4)
  - AFNetworking/NSURLConnection (2.5.4):
    - AFNetworking/Reachability
    - AFNetworking/Security
    - AFNetworking/Serialization
  - AFNetworking/NSURLSession (2.5.4):
    - AFNetworking/Reachability
    - AFNetworking/Security
    - AFNetworking/Serialization
  - AFNetworking/Reachability (2.5.4)
  - AFNetworking/Security (2.5.4)
  - AFNetworking/Serialization (2.5.4)
  - AFNetworking/UIKit (2.5.4):
    - AFNetworking/NSURLConnection
    - AFNetworking/NSURLSession
  - AWSAutoScaling (2.2.7):
    - AWSCore (= 2.2.7)
  - AWSCloudWatch (2.2.7):
    - AWSCore (= 2.2.7)
  - AWSCore (2.2.7)
  - AWSDynamoDB (2.2.7):
    - AWSCore (= 2.2.7)
  - AWSEC2 (2.2.7):
    - AWSCore (= 2.2.7)
  - AWSElasticLoadBalancing (2.2.7):
    - AWSCore (= 2.2.7)
  - AWSiOSSDKv2 (2.2.7):
    - AWSiOSSDKv2/AutoScaling (= 2.2.7)
    - AWSiOSSDKv2/AWSCore (= 2.2.7)
    - AWSiOSSDKv2/CloudWatch (= 2.2.7)
    - AWSiOSSDKv2/DynamoDB (= 2.2.7)
    - AWSiOSSDKv2/EC2 (= 2.2.7)
    - AWSiOSSDKv2/ElasticLoadBalancing (= 2.2.7)
    - AWSiOSSDKv2/Kinesis (= 2.2.7)
    - AWSiOSSDKv2/MobileAnalytics (= 2.2.7)
    - AWSiOSSDKv2/S3 (= 2.2.7)
    - AWSiOSSDKv2/SES (= 2.2.7)
    - AWSiOSSDKv2/SimpleDB (= 2.2.7)
    - AWSiOSSDKv2/SNS (= 2.2.7)
    - AWSiOSSDKv2/SQS (= 2.2.7)
  - AWSiOSSDKv2/AutoScaling (2.2.7):
    - AWSAutoScaling (= 2.2.7)
  - AWSiOSSDKv2/AWSCore (2.2.7):
    - AWSCore (= 2.2.7)
  - AWSiOSSDKv2/CloudWatch (2.2.7):
    - AWSCloudWatch (= 2.2.7)
  - AWSiOSSDKv2/DynamoDB (2.2.7):
    - AWSDynamoDB (= 2.2.7)
  - AWSiOSSDKv2/EC2 (2.2.7):
    - AWSEC2 (= 2.2.7)
  - AWSiOSSDKv2/ElasticLoadBalancing (2.2.7):
    - AWSElasticLoadBalancing (= 2.2.7)
  - AWSiOSSDKv2/Kinesis (2.2.7):
    - AWSKinesis (= 2.2.7)
  - AWSiOSSDKv2/MobileAnalytics (2.2.7):
    - AWSMobileAnalytics (= 2.2.7)
  - AWSiOSSDKv2/S3 (2.2.7):
    - AWSS3 (= 2.2.7)
  - AWSiOSSDKv2/SES (2.2.7):
    - AWSSES (= 2.2.7)
  - AWSiOSSDKv2/SimpleDB (2.2.7):
    - AWSSimpleDB (= 2.2.7)
  - AWSiOSSDKv2/SNS (2.2.7):
    - AWSSNS (= 2.2.7)
  - AWSiOSSDKv2/SQS (2.2.7):
    - AWSSQS (= 2.2.7)
  - AWSKinesis (2.2.7):
    - AWSCore (= 2.2.7)
  - AWSMobileAnalytics (2.2.7):
    - AWSCore (= 2.2.7)
  - AWSS3 (2.2.7):
    - AWSCore (= 2.2.7)
  - AWSSES (2.2.7):
    - AWSCore (= 2.2.7)
  - AWSSimpleDB (2.2.7):
    - AWSCore (= 2.2.7)
  - AWSSNS (2.2.7):
    - AWSCore (= 2.2.7)
  - AWSSQS (2.2.7):
    - AWSCore (= 2.2.7)
  - Braintree (3.9.6):
    - Braintree/API (= 3.9.6)
    - Braintree/Coinbase (= 3.9.6)
    - Braintree/Drop-In (= 3.9.6)
    - Braintree/Payments (= 3.9.6)
    - Braintree/PayPal (= 3.9.6)
    - Braintree/UI (= 3.9.6)
    - Braintree/Venmo (= 3.9.6)
  - Braintree/API (3.9.6)
  - Braintree/Coinbase (3.9.6):
    - Braintree/API
  - Braintree/Drop-In (3.9.6):
    - Braintree/API
    - Braintree/Coinbase
    - Braintree/Payments
    - Braintree/PayPal
    - Braintree/UI
    - Braintree/Venmo
  - Braintree/Payments (3.9.6):
    - Braintree/API
    - Braintree/Coinbase
    - Braintree/PayPal
    - Braintree/Venmo
  - Braintree/PayPal (3.9.6):
    - Braintree/API
    - Braintree/UI
  - Braintree/UI (3.9.6):
    - Braintree/API
  - Braintree/Venmo (3.9.6):
    - Braintree/API
  - CardIO (5.1.1)
  - Crashlytics (3.3.4)
  - Fabric (1.5.5):
    - Fabric/Base (= 1.5.5)
  - Fabric/Base (1.5.5)
  - Heap (2.1.5)
  - iCarousel (1.7.6)
  - JSBadgeView (1.4.1)
  - JSONModel (1.1.0)
  - Leanplum-iOS-SDK (1.3.8.1)
  - Masonry (0.5.3)
  - MBProgressHUD (0.9.1)
  - pop (1.0.8)
  - SDWebImage (3.7.3):
    - SDWebImage/Core (= 3.7.3)
  - SDWebImage/Core (3.7.3)
  - Stripe (5.1.4):
    - Stripe/Core (= 5.1.4)
  - Stripe/Core (5.1.4)
  - SWTableViewCell (0.3.7)
  - ZendeskSDK (1.4.1.3):
    - ZendeskSDK/Core (= 1.4.1.3)
    - ZendeskSDK/Localization (= 1.4.1.3)
  - ZendeskSDK/Core (1.4.1.3)
  - ZendeskSDK/Localization (1.4.1.3):
    - ZendeskSDK/Core

DEPENDENCIES:
  - AFNetworking (~> 2.5.0)
  - AWSiOSSDKv2
  - Braintree
  - CardIO (~> 5.1.1)
  - Crashlytics
  - Fabric
  - Heap (~> 2.1.5)
  - iCarousel (~> 1.7.6)
  - JSBadgeView
  - JSONModel (~> 1.1.0)
  - Leanplum-iOS-SDK
  - Masonry (~> 0.5.3)
  - MBProgressHUD (~> 0.5)
  - pop (~> 1.0)
  - SDWebImage (~> 3.7)
  - Stripe
  - SWTableViewCell (~> 0.3.7)
  - ZendeskSDK

SPEC CHECKSUMS:
  AFNetworking: 05edc0ac4c4c8cf57bcf4b84be5b0744b6d8e71e
  AWSAutoScaling: 707c4ce02f9a27f8bb12e348ad6555eb14cb7113
  AWSCloudWatch: 1b113e246ab47045c496820a899476c4fe75ac77
  AWSCore: d81e1e534040780deb0f3877aaa207d297e54b4c
  AWSDynamoDB: 211c266505513a57be42af255e2363bbbcdd2a1d
  AWSEC2: da401a7bdb1d993ca158ca384356c6f97ec697ed
  AWSElasticLoadBalancing: 4c691a1f48136572f0454e05a057e7863a058cfc
  AWSiOSSDKv2: 265d3c4a518122e761855c19625b0f037e31a9f5
  AWSKinesis: f2248f4c6ae46106f5e2f29c21f859baba7cd15a
  AWSMobileAnalytics: ee66bd427dcfa264088804776e94d82932ad07f5
  AWSS3: d39bae2ebbcdc450aef30635c85e556317b92a33
  AWSSES: bef72332e719940454c8873dcee561d15c5040ba
  AWSSimpleDB: 3e699c4437f17f70fce66558731232431e1b1090
  AWSSNS: 6f526c50d4013eacd4c35af4b9b35eb415d202ec
  AWSSQS: 0def5dfc1385564d88ebf88a0bdf7227f5f855e1
  Braintree: 74f0bd85743c2227147c361cc2c5c9aefe083ae8
  CardIO: 2c3a8ef9b9add4bd664c83bb653b83b2f32d9d7f
  Crashlytics: 41c082440d2e14da444186fff65e79c0b4b35d4c
  Fabric: 190bf1a6eb65f7500de1347d027d2e59a7e53db1
  Heap: 9d41b3d07bc86c9127364b638c710d854390a113
  iCarousel: ddd7f142c7c2f3429b0ce5fb8ea37f4a059394cd
  JSBadgeView: 3861ddee41094284d9468e6d0af5107f703aaac5
  JSONModel: ec77e9865236a7a09d9cf7668df6b4b328d9ec1d
  Leanplum-iOS-SDK: df25dec4dc038b022901739d06c11109fc5df5dd
  Masonry: 9f515466afe48632562342a40a1c224071a1a022
  MBProgressHUD: c47f2c166c126cf2ce36498d80f33e754d4e93ad
  pop: bb773ae2c791ca2629de13b347e7a8b450fa6a57
  SDWebImage: 1d2b1a1efda1ade1b00b6f8498865f8ddedc8a84
  Stripe: 6864be95b09092f05526bc2e0a50804bc556aa0d
  SWTableViewCell: 2a94aadc9d47b2b611fa064566bf57948b95b579
  ZendeskSDK: 642e8774dec64624eaac36a54647f76755c01ea2

COCOAPODS: 0.38.2
